// !$*UTF8*$!
{
	archiveVersion = 1;
	classes = {
	};
	objectVersion = 51;
	objects = {

/* Begin PBXBuildFile section */
		05C3F16522F9027B00E78A1A /* LocationManager.swift in Sources */ = {isa = PBXBuildFile; fileRef = 05C3F16422F9027B00E78A1A /* LocationManager.swift */; };
		05C3F16622F9027B00E78A1A /* LocationManager.swift in Sources */ = {isa = PBXBuildFile; fileRef = 05C3F16422F9027B00E78A1A /* LocationManager.swift */; };
		05C3F16922F902C300E78A1A /* PermissionManager.swift in Sources */ = {isa = PBXBuildFile; fileRef = 05C3F16822F902C300E78A1A /* PermissionManager.swift */; };
		05C3F16A22F902C300E78A1A /* PermissionManager.swift in Sources */ = {isa = PBXBuildFile; fileRef = 05C3F16822F902C300E78A1A /* PermissionManager.swift */; };
		05C3F16B22F9030C00E78A1A /* Constants.swift in Sources */ = {isa = PBXBuildFile; fileRef = 05D431CE22F8F42D00A58E36 /* Constants.swift */; };
		05D431A522F8F14300A58E36 /* AppDelegate.swift in Sources */ = {isa = PBXBuildFile; fileRef = 05D431A422F8F14300A58E36 /* AppDelegate.swift */; };
		05D431A722F8F14300A58E36 /* ViewController.swift in Sources */ = {isa = PBXBuildFile; fileRef = 05D431A622F8F14300A58E36 /* ViewController.swift */; };
		05D431AA22F8F14300A58E36 /* Main.storyboard in Resources */ = {isa = PBXBuildFile; fileRef = 05D431A822F8F14300A58E36 /* Main.storyboard */; };
		05D431AC22F8F14600A58E36 /* Assets.xcassets in Resources */ = {isa = PBXBuildFile; fileRef = 05D431AB22F8F14600A58E36 /* Assets.xcassets */; };
		05D431AF22F8F14600A58E36 /* LaunchScreen.storyboard in Resources */ = {isa = PBXBuildFile; fileRef = 05D431AD22F8F14600A58E36 /* LaunchScreen.storyboard */; };
		05D431BA22F8F14600A58E36 /* weatherTestTests.swift in Sources */ = {isa = PBXBuildFile; fileRef = 05D431B922F8F14600A58E36 /* weatherTestTests.swift */; };
		05D431CF22F8F42D00A58E36 /* Constants.swift in Sources */ = {isa = PBXBuildFile; fileRef = 05D431CE22F8F42D00A58E36 /* Constants.swift */; };
		05F3328C22F90C4E00665B5E /* AppDatabaseConfiguration.swift in Sources */ = {isa = PBXBuildFile; fileRef = 05F3328B22F90C4E00665B5E /* AppDatabaseConfiguration.swift */; };
		05F3328D22F90C4E00665B5E /* AppDatabaseConfiguration.swift in Sources */ = {isa = PBXBuildFile; fileRef = 05F3328B22F90C4E00665B5E /* AppDatabaseConfiguration.swift */; };
		05F3328F22F90C6E00665B5E /* AppDatabaseOperation.swift in Sources */ = {isa = PBXBuildFile; fileRef = 05F3328E22F90C6E00665B5E /* AppDatabaseOperation.swift */; };
		05F3329022F90C6E00665B5E /* AppDatabaseOperation.swift in Sources */ = {isa = PBXBuildFile; fileRef = 05F3328E22F90C6E00665B5E /* AppDatabaseOperation.swift */; };
		05F3329222F90C8100665B5E /* RealmOperations.swift in Sources */ = {isa = PBXBuildFile; fileRef = 05F3329122F90C8100665B5E /* RealmOperations.swift */; };
		05F3329322F90C8100665B5E /* RealmOperations.swift in Sources */ = {isa = PBXBuildFile; fileRef = 05F3329122F90C8100665B5E /* RealmOperations.swift */; };
		05F3329622F90CAD00665B5E /* AppDataManager.swift in Sources */ = {isa = PBXBuildFile; fileRef = 05F3329522F90CAD00665B5E /* AppDataManager.swift */; };
		05F3329722F90CAD00665B5E /* AppDataManager.swift in Sources */ = {isa = PBXBuildFile; fileRef = 05F3329522F90CAD00665B5E /* AppDataManager.swift */; };
		05F3329C22F90D7600665B5E /* Log.swift in Sources */ = {isa = PBXBuildFile; fileRef = 05F3329B22F90D7600665B5E /* Log.swift */; };
		05F3329D22F90D7600665B5E /* Log.swift in Sources */ = {isa = PBXBuildFile; fileRef = 05F3329B22F90D7600665B5E /* Log.swift */; };
		05F3329F22F90DBF00665B5E /* AppDatabaseProvider.swift in Sources */ = {isa = PBXBuildFile; fileRef = 05F3329E22F90DBF00665B5E /* AppDatabaseProvider.swift */; };
		05F332A022F90DBF00665B5E /* AppDatabaseProvider.swift in Sources */ = {isa = PBXBuildFile; fileRef = 05F3329E22F90DBF00665B5E /* AppDatabaseProvider.swift */; };
		05F332A522F90E0000665B5E /* AppModel.swift in Sources */ = {isa = PBXBuildFile; fileRef = 05F332A422F90E0000665B5E /* AppModel.swift */; };
		05F332A622F90E0000665B5E /* AppModel.swift in Sources */ = {isa = PBXBuildFile; fileRef = 05F332A422F90E0000665B5E /* AppModel.swift */; };
		05F332A922F9113300665B5E /* APIProvider.swift in Sources */ = {isa = PBXBuildFile; fileRef = 05F332A822F9113300665B5E /* APIProvider.swift */; };
		05F332AC22F911AB00665B5E /* RealmPrevision.swift in Sources */ = {isa = PBXBuildFile; fileRef = 05F332AB22F911AB00665B5E /* RealmPrevision.swift */; };
		05F332AD22F911AB00665B5E /* RealmPrevision.swift in Sources */ = {isa = PBXBuildFile; fileRef = 05F332AB22F911AB00665B5E /* RealmPrevision.swift */; };
		05F332AF22F911BB00665B5E /* Prevision.swift in Sources */ = {isa = PBXBuildFile; fileRef = 05F332AE22F911BB00665B5E /* Prevision.swift */; };
		05F332B022F911BB00665B5E /* Prevision.swift in Sources */ = {isa = PBXBuildFile; fileRef = 05F332AE22F911BB00665B5E /* Prevision.swift */; };
		05F332B422F913D600665B5E /* PrevisionMapper.swift in Sources */ = {isa = PBXBuildFile; fileRef = 05F332B322F913D600665B5E /* PrevisionMapper.swift */; };
		05F332B522F913D600665B5E /* PrevisionMapper.swift in Sources */ = {isa = PBXBuildFile; fileRef = 05F332B322F913D600665B5E /* PrevisionMapper.swift */; };
		05F332B722F9140500665B5E /* String+Date.swift in Sources */ = {isa = PBXBuildFile; fileRef = 05F332B622F9140500665B5E /* String+Date.swift */; };
		05F332B822F9140500665B5E /* String+Date.swift in Sources */ = {isa = PBXBuildFile; fileRef = 05F332B622F9140500665B5E /* String+Date.swift */; };
		05F332BB22F914B000665B5E /* PrevisionManager.swift in Sources */ = {isa = PBXBuildFile; fileRef = 05F332BA22F914B000665B5E /* PrevisionManager.swift */; };
		05F332BC22F914B000665B5E /* PrevisionManager.swift in Sources */ = {isa = PBXBuildFile; fileRef = 05F332BA22F914B000665B5E /* PrevisionManager.swift */; };
		05F332BD22F914E400665B5E /* APIProvider.swift in Sources */ = {isa = PBXBuildFile; fileRef = 05F332A822F9113300665B5E /* APIProvider.swift */; };
		2BC79509C5533D86F16FB816 /* Pods_weatherTest.framework in Frameworks */ = {isa = PBXBuildFile; fileRef = 0C0665D68019FED63EC80811 /* Pods_weatherTest.framework */; };
		C92D29C49C142262ABED16A1 /* Pods_weatherTestTests.framework in Frameworks */ = {isa = PBXBuildFile; fileRef = 7B3241CB5A3BB2EE90B4A6EA /* Pods_weatherTestTests.framework */; };
/* End PBXBuildFile section */

/* Begin PBXContainerItemProxy section */
		05D431B622F8F14600A58E36 /* PBXContainerItemProxy */ = {
			isa = PBXContainerItemProxy;
			containerPortal = 05D4319922F8F14300A58E36 /* Project object */;
			proxyType = 1;
			remoteGlobalIDString = 05D431A022F8F14300A58E36;
			remoteInfo = weatherTest;
		};
/* End PBXContainerItemProxy section */

/* Begin PBXFileReference section */
		05C3F16422F9027B00E78A1A /* LocationManager.swift */ = {isa = PBXFileReference; lastKnownFileType = sourcecode.swift; path = LocationManager.swift; sourceTree = "<group>"; };
		05C3F16822F902C300E78A1A /* PermissionManager.swift */ = {isa = PBXFileReference; lastKnownFileType = sourcecode.swift; path = PermissionManager.swift; sourceTree = "<group>"; };
		05D431A122F8F14300A58E36 /* weatherTest.app */ = {isa = PBXFileReference; explicitFileType = wrapper.application; includeInIndex = 0; path = weatherTest.app; sourceTree = BUILT_PRODUCTS_DIR; };
		05D431A422F8F14300A58E36 /* AppDelegate.swift */ = {isa = PBXFileReference; lastKnownFileType = sourcecode.swift; path = AppDelegate.swift; sourceTree = "<group>"; };
		05D431A622F8F14300A58E36 /* ViewController.swift */ = {isa = PBXFileReference; lastKnownFileType = sourcecode.swift; path = ViewController.swift; sourceTree = "<group>"; };
		05D431A922F8F14300A58E36 /* Base */ = {isa = PBXFileReference; lastKnownFileType = file.storyboard; name = Base; path = Base.lproj/Main.storyboard; sourceTree = "<group>"; };
		05D431AB22F8F14600A58E36 /* Assets.xcassets */ = {isa = PBXFileReference; lastKnownFileType = folder.assetcatalog; path = Assets.xcassets; sourceTree = "<group>"; };
		05D431AE22F8F14600A58E36 /* Base */ = {isa = PBXFileReference; lastKnownFileType = file.storyboard; name = Base; path = Base.lproj/LaunchScreen.storyboard; sourceTree = "<group>"; };
		05D431B022F8F14600A58E36 /* Info.plist */ = {isa = PBXFileReference; lastKnownFileType = text.plist.xml; path = Info.plist; sourceTree = "<group>"; };
		05D431B522F8F14600A58E36 /* weatherTestTests.xctest */ = {isa = PBXFileReference; explicitFileType = wrapper.cfbundle; includeInIndex = 0; path = weatherTestTests.xctest; sourceTree = BUILT_PRODUCTS_DIR; };
		05D431B922F8F14600A58E36 /* weatherTestTests.swift */ = {isa = PBXFileReference; lastKnownFileType = sourcecode.swift; path = weatherTestTests.swift; sourceTree = "<group>"; };
		05D431BB22F8F14600A58E36 /* Info.plist */ = {isa = PBXFileReference; lastKnownFileType = text.plist.xml; path = Info.plist; sourceTree = "<group>"; };
		05D431CE22F8F42D00A58E36 /* Constants.swift */ = {isa = PBXFileReference; lastKnownFileType = sourcecode.swift; path = Constants.swift; sourceTree = "<group>"; };
		05F3328B22F90C4E00665B5E /* AppDatabaseConfiguration.swift */ = {isa = PBXFileReference; lastKnownFileType = sourcecode.swift; path = AppDatabaseConfiguration.swift; sourceTree = "<group>"; };
		05F3328E22F90C6E00665B5E /* AppDatabaseOperation.swift */ = {isa = PBXFileReference; lastKnownFileType = sourcecode.swift; path = AppDatabaseOperation.swift; sourceTree = "<group>"; };
		05F3329122F90C8100665B5E /* RealmOperations.swift */ = {isa = PBXFileReference; lastKnownFileType = sourcecode.swift; path = RealmOperations.swift; sourceTree = "<group>"; };
		05F3329522F90CAD00665B5E /* AppDataManager.swift */ = {isa = PBXFileReference; lastKnownFileType = sourcecode.swift; path = AppDataManager.swift; sourceTree = "<group>"; };
		05F3329B22F90D7600665B5E /* Log.swift */ = {isa = PBXFileReference; lastKnownFileType = sourcecode.swift; path = Log.swift; sourceTree = "<group>"; };
		05F3329E22F90DBF00665B5E /* AppDatabaseProvider.swift */ = {isa = PBXFileReference; lastKnownFileType = sourcecode.swift; path = AppDatabaseProvider.swift; sourceTree = "<group>"; };
		05F332A422F90E0000665B5E /* AppModel.swift */ = {isa = PBXFileReference; lastKnownFileType = sourcecode.swift; path = AppModel.swift; sourceTree = "<group>"; };
		05F332A822F9113300665B5E /* APIProvider.swift */ = {isa = PBXFileReference; fileEncoding = 4; lastKnownFileType = sourcecode.swift; path = APIProvider.swift; sourceTree = "<group>"; };
		05F332AB22F911AB00665B5E /* RealmPrevision.swift */ = {isa = PBXFileReference; lastKnownFileType = sourcecode.swift; path = RealmPrevision.swift; sourceTree = "<group>"; };
		05F332AE22F911BB00665B5E /* Prevision.swift */ = {isa = PBXFileReference; lastKnownFileType = sourcecode.swift; path = Prevision.swift; sourceTree = "<group>"; };
		05F332B322F913D600665B5E /* PrevisionMapper.swift */ = {isa = PBXFileReference; lastKnownFileType = sourcecode.swift; path = PrevisionMapper.swift; sourceTree = "<group>"; };
		05F332B622F9140500665B5E /* String+Date.swift */ = {isa = PBXFileReference; lastKnownFileType = sourcecode.swift; path = "String+Date.swift"; sourceTree = "<group>"; };
		05F332BA22F914B000665B5E /* PrevisionManager.swift */ = {isa = PBXFileReference; lastKnownFileType = sourcecode.swift; path = PrevisionManager.swift; sourceTree = "<group>"; };
		0C0665D68019FED63EC80811 /* Pods_weatherTest.framework */ = {isa = PBXFileReference; explicitFileType = wrapper.framework; includeInIndex = 0; path = Pods_weatherTest.framework; sourceTree = BUILT_PRODUCTS_DIR; };
		4E66A7B98996F7D04C65CE09 /* Pods-weatherTestTests.release.xcconfig */ = {isa = PBXFileReference; includeInIndex = 1; lastKnownFileType = text.xcconfig; name = "Pods-weatherTestTests.release.xcconfig"; path = "Target Support Files/Pods-weatherTestTests/Pods-weatherTestTests.release.xcconfig"; sourceTree = "<group>"; };
		7B3241CB5A3BB2EE90B4A6EA /* Pods_weatherTestTests.framework */ = {isa = PBXFileReference; explicitFileType = wrapper.framework; includeInIndex = 0; path = Pods_weatherTestTests.framework; sourceTree = BUILT_PRODUCTS_DIR; };
		91C3CC95F51EEDE6D8897EE2 /* Pods-weatherTestTests.debug.xcconfig */ = {isa = PBXFileReference; includeInIndex = 1; lastKnownFileType = text.xcconfig; name = "Pods-weatherTestTests.debug.xcconfig"; path = "Target Support Files/Pods-weatherTestTests/Pods-weatherTestTests.debug.xcconfig"; sourceTree = "<group>"; };
		C0986113C3FDBCF71B48FBB3 /* Pods-weatherTest.debug.xcconfig */ = {isa = PBXFileReference; includeInIndex = 1; lastKnownFileType = text.xcconfig; name = "Pods-weatherTest.debug.xcconfig"; path = "Target Support Files/Pods-weatherTest/Pods-weatherTest.debug.xcconfig"; sourceTree = "<group>"; };
		D3A92A7341E03F5662F0F494 /* Pods-weatherTest.release.xcconfig */ = {isa = PBXFileReference; includeInIndex = 1; lastKnownFileType = text.xcconfig; name = "Pods-weatherTest.release.xcconfig"; path = "Target Support Files/Pods-weatherTest/Pods-weatherTest.release.xcconfig"; sourceTree = "<group>"; };
/* End PBXFileReference section */

/* Begin PBXFrameworksBuildPhase section */
		05D4319E22F8F14300A58E36 /* Frameworks */ = {
			isa = PBXFrameworksBuildPhase;
			buildActionMask = 2147483647;
			files = (
				2BC79509C5533D86F16FB816 /* Pods_weatherTest.framework in Frameworks */,
			);
			runOnlyForDeploymentPostprocessing = 0;
		};
		05D431B222F8F14600A58E36 /* Frameworks */ = {
			isa = PBXFrameworksBuildPhase;
			buildActionMask = 2147483647;
			files = (
				C92D29C49C142262ABED16A1 /* Pods_weatherTestTests.framework in Frameworks */,
			);
			runOnlyForDeploymentPostprocessing = 0;
		};
/* End PBXFrameworksBuildPhase section */

/* Begin PBXGroup section */
		05C3F16022F9023F00E78A1A /* Manager */ = {
			isa = PBXGroup;
			children = (
				05F3329422F90C9C00665B5E /* AppData */,
				05F332B922F9149400665B5E /* Prevision */,
				05C3F16322F9026C00E78A1A /* Location */,
				05C3F16722F902A800E78A1A /* Permision */,
			);
			path = Manager;
			sourceTree = "<group>";
		};
		05C3F16322F9026C00E78A1A /* Location */ = {
			isa = PBXGroup;
			children = (
				05C3F16422F9027B00E78A1A /* LocationManager.swift */,
			);
			path = Location;
			sourceTree = "<group>";
		};
		05C3F16722F902A800E78A1A /* Permision */ = {
			isa = PBXGroup;
			children = (
				05C3F16822F902C300E78A1A /* PermissionManager.swift */,
			);
			path = Permision;
			sourceTree = "<group>";
		};
		05C3F16C22F90BC700E78A1A /* Database */ = {
			isa = PBXGroup;
			children = (
				05F3328A22F90C2800665B5E /* Condiguration */,
				05F3328922F90C2400665B5E /* Provider */,
				05F3328822F90C1E00665B5E /* Operations */,
			);
			path = Database;
			sourceTree = "<group>";
		};
		05D4319822F8F14300A58E36 = {
			isa = PBXGroup;
			children = (
				05D431A322F8F14300A58E36 /* weatherTest */,
				05D431B822F8F14600A58E36 /* weatherTestTests */,
				05D431A222F8F14300A58E36 /* Products */,
				3EBE36A20134B447F468CD26 /* Pods */,
				93708463C1590B48B078CCBD /* Frameworks */,
			);
			sourceTree = "<group>";
		};
		05D431A222F8F14300A58E36 /* Products */ = {
			isa = PBXGroup;
			children = (
				05D431A122F8F14300A58E36 /* weatherTest.app */,
				05D431B522F8F14600A58E36 /* weatherTestTests.xctest */,
			);
			name = Products;
			sourceTree = "<group>";
		};
		05D431A322F8F14300A58E36 /* weatherTest */ = {
			isa = PBXGroup;
			children = (
				05D431C722F8F3D700A58E36 /* Core */,
				05F332AA22F9116900665B5E /* UI */,
				05F3329822F90D4300665B5E /* Utilities */,
				05D431C422F8F28500A58E36 /* Resources */,
				05D431A422F8F14300A58E36 /* AppDelegate.swift */,
				05D431A622F8F14300A58E36 /* ViewController.swift */,
			);
			path = weatherTest;
			sourceTree = "<group>";
		};
		05D431B822F8F14600A58E36 /* weatherTestTests */ = {
			isa = PBXGroup;
			children = (
				05D431B922F8F14600A58E36 /* weatherTestTests.swift */,
				05D431BB22F8F14600A58E36 /* Info.plist */,
			);
			path = weatherTestTests;
			sourceTree = "<group>";
		};
		05D431C422F8F28500A58E36 /* Resources */ = {
			isa = PBXGroup;
			children = (
				05D431A822F8F14300A58E36 /* Main.storyboard */,
				05D431AB22F8F14600A58E36 /* Assets.xcassets */,
				05D431AD22F8F14600A58E36 /* LaunchScreen.storyboard */,
			);
			path = Resources;
			sourceTree = "<group>";
		};
		05D431C722F8F3D700A58E36 /* Core */ = {
			isa = PBXGroup;
			children = (
				05D431CD22F8F41A00A58E36 /* API */,
				05C3F16C22F90BC700E78A1A /* Database */,
				05C3F16022F9023F00E78A1A /* Manager */,
				05F332A122F90DE300665B5E /* Model */,
				05F332B222F913BF00665B5E /* Mapper */,
				05D431C922F8F3FE00A58E36 /* Config */,
			);
			path = Core;
			sourceTree = "<group>";
		};
		05D431C922F8F3FE00A58E36 /* Config */ = {
			isa = PBXGroup;
			children = (
				05D431B022F8F14600A58E36 /* Info.plist */,
				05D431CE22F8F42D00A58E36 /* Constants.swift */,
			);
			path = Config;
			sourceTree = "<group>";
		};
		05D431CD22F8F41A00A58E36 /* API */ = {
			isa = PBXGroup;
			children = (
				05F332A722F9113300665B5E /* Provider */,
			);
			path = API;
			sourceTree = "<group>";
		};
		05F3328822F90C1E00665B5E /* Operations */ = {
			isa = PBXGroup;
			children = (
				05F3328E22F90C6E00665B5E /* AppDatabaseOperation.swift */,
				05F3329122F90C8100665B5E /* RealmOperations.swift */,
			);
			path = Operations;
			sourceTree = "<group>";
		};
		05F3328922F90C2400665B5E /* Provider */ = {
			isa = PBXGroup;
			children = (
				05F3329E22F90DBF00665B5E /* AppDatabaseProvider.swift */,
			);
			path = Provider;
			sourceTree = "<group>";
		};
		05F3328A22F90C2800665B5E /* Condiguration */ = {
			isa = PBXGroup;
			children = (
				05F3328B22F90C4E00665B5E /* AppDatabaseConfiguration.swift */,
			);
			path = Condiguration;
			sourceTree = "<group>";
		};
		05F3329422F90C9C00665B5E /* AppData */ = {
			isa = PBXGroup;
			children = (
				05F3329522F90CAD00665B5E /* AppDataManager.swift */,
			);
			path = AppData;
			sourceTree = "<group>";
		};
		05F3329822F90D4300665B5E /* Utilities */ = {
			isa = PBXGroup;
			children = (
				05F3329922F90D4E00665B5E /* Extensions */,
				05F3329A22F90D5600665B5E /* Log */,
			);
			path = Utilities;
			sourceTree = "<group>";
		};
		05F3329922F90D4E00665B5E /* Extensions */ = {
			isa = PBXGroup;
			children = (
				05F332B622F9140500665B5E /* String+Date.swift */,
			);
			path = Extensions;
			sourceTree = "<group>";
		};
		05F3329A22F90D5600665B5E /* Log */ = {
			isa = PBXGroup;
			children = (
				05F3329B22F90D7600665B5E /* Log.swift */,
			);
			path = Log;
			sourceTree = "<group>";
		};
		05F332A122F90DE300665B5E /* Model */ = {
			isa = PBXGroup;
			children = (
				05F332A222F90DEF00665B5E /* AppModel */,
				05F332A322F90DF500665B5E /* RealmModel */,
			);
			path = Model;
			sourceTree = "<group>";
		};
		05F332A222F90DEF00665B5E /* AppModel */ = {
			isa = PBXGroup;
			children = (
				05F332A422F90E0000665B5E /* AppModel.swift */,
				05F332AE22F911BB00665B5E /* Prevision.swift */,
			);
			path = AppModel;
			sourceTree = "<group>";
		};
		05F332A322F90DF500665B5E /* RealmModel */ = {
			isa = PBXGroup;
			children = (
				05F332AB22F911AB00665B5E /* RealmPrevision.swift */,
			);
			path = RealmModel;
			sourceTree = "<group>";
		};
		05F332A722F9113300665B5E /* Provider */ = {
			isa = PBXGroup;
			children = (
				05F332A822F9113300665B5E /* APIProvider.swift */,
			);
			path = Provider;
			sourceTree = "<group>";
		};
		05F332AA22F9116900665B5E /* UI */ = {
			isa = PBXGroup;
			children = (
			);
			path = UI;
			sourceTree = "<group>";
		};
		05F332B222F913BF00665B5E /* Mapper */ = {
			isa = PBXGroup;
			children = (
				05F332B322F913D600665B5E /* PrevisionMapper.swift */,
			);
			path = Mapper;
			sourceTree = "<group>";
		};
		05F332B922F9149400665B5E /* Prevision */ = {
			isa = PBXGroup;
			children = (
				05F332BA22F914B000665B5E /* PrevisionManager.swift */,
			);
			path = Prevision;
			sourceTree = "<group>";
		};
		3EBE36A20134B447F468CD26 /* Pods */ = {
			isa = PBXGroup;
			children = (
				C0986113C3FDBCF71B48FBB3 /* Pods-weatherTest.debug.xcconfig */,
				D3A92A7341E03F5662F0F494 /* Pods-weatherTest.release.xcconfig */,
				91C3CC95F51EEDE6D8897EE2 /* Pods-weatherTestTests.debug.xcconfig */,
				4E66A7B98996F7D04C65CE09 /* Pods-weatherTestTests.release.xcconfig */,
			);
			path = Pods;
			sourceTree = "<group>";
		};
		93708463C1590B48B078CCBD /* Frameworks */ = {
			isa = PBXGroup;
			children = (
				0C0665D68019FED63EC80811 /* Pods_weatherTest.framework */,
				7B3241CB5A3BB2EE90B4A6EA /* Pods_weatherTestTests.framework */,
			);
			name = Frameworks;
			sourceTree = "<group>";
		};
/* End PBXGroup section */

/* Begin PBXNativeTarget section */
		05D431A022F8F14300A58E36 /* weatherTest */ = {
			isa = PBXNativeTarget;
			buildConfigurationList = 05D431BE22F8F14600A58E36 /* Build configuration list for PBXNativeTarget "weatherTest" */;
			buildPhases = (
				A40DEA54AE3D9EC157A6309D /* [CP] Check Pods Manifest.lock */,
				05D4319D22F8F14300A58E36 /* Sources */,
				05D4319E22F8F14300A58E36 /* Frameworks */,
				05D4319F22F8F14300A58E36 /* Resources */,
				F6B47E483684E09B4A245A65 /* [CP] Embed Pods Frameworks */,
			);
			buildRules = (
			);
			dependencies = (
			);
			name = weatherTest;
			productName = weatherTest;
			productReference = 05D431A122F8F14300A58E36 /* weatherTest.app */;
			productType = "com.apple.product-type.application";
		};
		05D431B422F8F14600A58E36 /* weatherTestTests */ = {
			isa = PBXNativeTarget;
			buildConfigurationList = 05D431C122F8F14600A58E36 /* Build configuration list for PBXNativeTarget "weatherTestTests" */;
			buildPhases = (
				73E3E89437792304886882A6 /* [CP] Check Pods Manifest.lock */,
				05D431B122F8F14600A58E36 /* Sources */,
				05D431B222F8F14600A58E36 /* Frameworks */,
				05D431B322F8F14600A58E36 /* Resources */,
			);
			buildRules = (
			);
			dependencies = (
				05D431B722F8F14600A58E36 /* PBXTargetDependency */,
			);
			name = weatherTestTests;
			productName = weatherTestTests;
			productReference = 05D431B522F8F14600A58E36 /* weatherTestTests.xctest */;
			productType = "com.apple.product-type.bundle.unit-test";
		};
/* End PBXNativeTarget section */

/* Begin PBXProject section */
		05D4319922F8F14300A58E36 /* Project object */ = {
			isa = PBXProject;
			attributes = {
				LastSwiftUpdateCheck = 1030;
				LastUpgradeCheck = 1030;
				ORGANIZATIONNAME = "Ghassen Ferchichi";
				TargetAttributes = {
					05D431A022F8F14300A58E36 = {
						CreatedOnToolsVersion = 10.3;
					};
					05D431B422F8F14600A58E36 = {
						CreatedOnToolsVersion = 10.3;
						TestTargetID = 05D431A022F8F14300A58E36;
					};
				};
			};
			buildConfigurationList = 05D4319C22F8F14300A58E36 /* Build configuration list for PBXProject "weatherTest" */;
			compatibilityVersion = "Xcode 9.3";
			developmentRegion = en;
			hasScannedForEncodings = 0;
			knownRegions = (
				en,
				Base,
			);
			mainGroup = 05D4319822F8F14300A58E36;
			productRefGroup = 05D431A222F8F14300A58E36 /* Products */;
			projectDirPath = "";
			projectRoot = "";
			targets = (
				05D431A022F8F14300A58E36 /* weatherTest */,
				05D431B422F8F14600A58E36 /* weatherTestTests */,
			);
		};
/* End PBXProject section */

/* Begin PBXResourcesBuildPhase section */
		05D4319F22F8F14300A58E36 /* Resources */ = {
			isa = PBXResourcesBuildPhase;
			buildActionMask = 2147483647;
			files = (
				05D431AF22F8F14600A58E36 /* LaunchScreen.storyboard in Resources */,
				05D431AC22F8F14600A58E36 /* Assets.xcassets in Resources */,
				05D431AA22F8F14300A58E36 /* Main.storyboard in Resources */,
			);
			runOnlyForDeploymentPostprocessing = 0;
		};
		05D431B322F8F14600A58E36 /* Resources */ = {
			isa = PBXResourcesBuildPhase;
			buildActionMask = 2147483647;
			files = (
			);
			runOnlyForDeploymentPostprocessing = 0;
		};
/* End PBXResourcesBuildPhase section */

/* Begin PBXShellScriptBuildPhase section */
		73E3E89437792304886882A6 /* [CP] Check Pods Manifest.lock */ = {
			isa = PBXShellScriptBuildPhase;
			buildActionMask = 2147483647;
			files = (
			);
			inputFileListPaths = (
			);
			inputPaths = (
				"${PODS_PODFILE_DIR_PATH}/Podfile.lock",
				"${PODS_ROOT}/Manifest.lock",
			);
			name = "[CP] Check Pods Manifest.lock";
			outputFileListPaths = (
			);
			outputPaths = (
				"$(DERIVED_FILE_DIR)/Pods-weatherTestTests-checkManifestLockResult.txt",
			);
			runOnlyForDeploymentPostprocessing = 0;
			shellPath = /bin/sh;
			shellScript = "diff \"${PODS_PODFILE_DIR_PATH}/Podfile.lock\" \"${PODS_ROOT}/Manifest.lock\" > /dev/null\nif [ $? != 0 ] ; then\n    # print error to STDERR\n    echo \"error: The sandbox is not in sync with the Podfile.lock. Run 'pod install' or update your CocoaPods installation.\" >&2\n    exit 1\nfi\n# This output is used by Xcode 'outputs' to avoid re-running this script phase.\necho \"SUCCESS\" > \"${SCRIPT_OUTPUT_FILE_0}\"\n";
			showEnvVarsInLog = 0;
		};
		A40DEA54AE3D9EC157A6309D /* [CP] Check Pods Manifest.lock */ = {
			isa = PBXShellScriptBuildPhase;
			buildActionMask = 2147483647;
			files = (
			);
			inputFileListPaths = (
			);
			inputPaths = (
				"${PODS_PODFILE_DIR_PATH}/Podfile.lock",
				"${PODS_ROOT}/Manifest.lock",
			);
			name = "[CP] Check Pods Manifest.lock";
			outputFileListPaths = (
			);
			outputPaths = (
				"$(DERIVED_FILE_DIR)/Pods-weatherTest-checkManifestLockResult.txt",
			);
			runOnlyForDeploymentPostprocessing = 0;
			shellPath = /bin/sh;
			shellScript = "diff \"${PODS_PODFILE_DIR_PATH}/Podfile.lock\" \"${PODS_ROOT}/Manifest.lock\" > /dev/null\nif [ $? != 0 ] ; then\n    # print error to STDERR\n    echo \"error: The sandbox is not in sync with the Podfile.lock. Run 'pod install' or update your CocoaPods installation.\" >&2\n    exit 1\nfi\n# This output is used by Xcode 'outputs' to avoid re-running this script phase.\necho \"SUCCESS\" > \"${SCRIPT_OUTPUT_FILE_0}\"\n";
			showEnvVarsInLog = 0;
		};
		F6B47E483684E09B4A245A65 /* [CP] Embed Pods Frameworks */ = {
			isa = PBXShellScriptBuildPhase;
			buildActionMask = 2147483647;
			files = (
			);
			inputFileListPaths = (
				"${PODS_ROOT}/Target Support Files/Pods-weatherTest/Pods-weatherTest-frameworks-${CONFIGURATION}-input-files.xcfilelist",
			);
			name = "[CP] Embed Pods Frameworks";
			outputFileListPaths = (
				"${PODS_ROOT}/Target Support Files/Pods-weatherTest/Pods-weatherTest-frameworks-${CONFIGURATION}-output-files.xcfilelist",
			);
			runOnlyForDeploymentPostprocessing = 0;
			shellPath = /bin/sh;
			shellScript = "\"${PODS_ROOT}/Target Support Files/Pods-weatherTest/Pods-weatherTest-frameworks.sh\"\n";
			showEnvVarsInLog = 0;
		};
/* End PBXShellScriptBuildPhase section */

/* Begin PBXSourcesBuildPhase section */
		05D4319D22F8F14300A58E36 /* Sources */ = {
			isa = PBXSourcesBuildPhase;
			buildActionMask = 2147483647;
			files = (
				05C3F16522F9027B00E78A1A /* LocationManager.swift in Sources */,
				05F3328F22F90C6E00665B5E /* AppDatabaseOperation.swift in Sources */,
				05F3329C22F90D7600665B5E /* Log.swift in Sources */,
				05C3F16922F902C300E78A1A /* PermissionManager.swift in Sources */,
				05F332B422F913D600665B5E /* PrevisionMapper.swift in Sources */,
				05F332A922F9113300665B5E /* APIProvider.swift in Sources */,
				05D431A722F8F14300A58E36 /* ViewController.swift in Sources */,
				05D431A522F8F14300A58E36 /* AppDelegate.swift in Sources */,
				05F332AF22F911BB00665B5E /* Prevision.swift in Sources */,
				05F3329222F90C8100665B5E /* RealmOperations.swift in Sources */,
				05F332A522F90E0000665B5E /* AppModel.swift in Sources */,
				05F332B722F9140500665B5E /* String+Date.swift in Sources */,
				05D431CF22F8F42D00A58E36 /* Constants.swift in Sources */,
				05F3328C22F90C4E00665B5E /* AppDatabaseConfiguration.swift in Sources */,
				05F332AC22F911AB00665B5E /* RealmPrevision.swift in Sources */,
				05F3329F22F90DBF00665B5E /* AppDatabaseProvider.swift in Sources */,
				05F3329622F90CAD00665B5E /* AppDataManager.swift in Sources */,
				05F332BB22F914B000665B5E /* PrevisionManager.swift in Sources */,
			);
			runOnlyForDeploymentPostprocessing = 0;
		};
		05D431B122F8F14600A58E36 /* Sources */ = {
			isa = PBXSourcesBuildPhase;
			buildActionMask = 2147483647;
			files = (
				05F3329022F90C6E00665B5E /* AppDatabaseOperation.swift in Sources */,
				05F3329322F90C8100665B5E /* RealmOperations.swift in Sources */,
				05F332A622F90E0000665B5E /* AppModel.swift in Sources */,
				05F3329D22F90D7600665B5E /* Log.swift in Sources */,
				05F332A022F90DBF00665B5E /* AppDatabaseProvider.swift in Sources */,
				05F332BD22F914E400665B5E /* APIProvider.swift in Sources */,
				05C3F16622F9027B00E78A1A /* LocationManager.swift in Sources */,
				05F332B522F913D600665B5E /* PrevisionMapper.swift in Sources */,
				05D431BA22F8F14600A58E36 /* weatherTestTests.swift in Sources */,
				05C3F16A22F902C300E78A1A /* PermissionManager.swift in Sources */,
				05F332B022F911BB00665B5E /* Prevision.swift in Sources */,
				05F332B822F9140500665B5E /* String+Date.swift in Sources */,
				05F332BC22F914B000665B5E /* PrevisionManager.swift in Sources */,
				05F3329722F90CAD00665B5E /* AppDataManager.swift in Sources */,
				05F3328D22F90C4E00665B5E /* AppDatabaseConfiguration.swift in Sources */,
				05C3F16B22F9030C00E78A1A /* Constants.swift in Sources */,
				05F332AD22F911AB00665B5E /* RealmPrevision.swift in Sources */,
			);
			runOnlyForDeploymentPostprocessing = 0;
		};
/* End PBXSourcesBuildPhase section */

/* Begin PBXTargetDependency section */
		05D431B722F8F14600A58E36 /* PBXTargetDependency */ = {
			isa = PBXTargetDependency;
			target = 05D431A022F8F14300A58E36 /* weatherTest */;
			targetProxy = 05D431B622F8F14600A58E36 /* PBXContainerItemProxy */;
		};
/* End PBXTargetDependency section */

/* Begin PBXVariantGroup section */
		05D431A822F8F14300A58E36 /* Main.storyboard */ = {
			isa = PBXVariantGroup;
			children = (
				05D431A922F8F14300A58E36 /* Base */,
			);
			name = Main.storyboard;
			sourceTree = "<group>";
		};
		05D431AD22F8F14600A58E36 /* LaunchScreen.storyboard */ = {
			isa = PBXVariantGroup;
			children = (
				05D431AE22F8F14600A58E36 /* Base */,
			);
			name = LaunchScreen.storyboard;
			sourceTree = "<group>";
		};
/* End PBXVariantGroup section */

/* Begin XCBuildConfiguration section */
		05D431BC22F8F14600A58E36 /* Debug */ = {
			isa = XCBuildConfiguration;
			buildSettings = {
				ALWAYS_SEARCH_USER_PATHS = NO;
				CLANG_ANALYZER_NONNULL = YES;
				CLANG_ANALYZER_NUMBER_OBJECT_CONVERSION = YES_AGGRESSIVE;
				CLANG_CXX_LANGUAGE_STANDARD = "gnu++14";
				CLANG_CXX_LIBRARY = "libc++";
				CLANG_ENABLE_MODULES = YES;
				CLANG_ENABLE_OBJC_ARC = YES;
				CLANG_ENABLE_OBJC_WEAK = YES;
				CLANG_WARN_BLOCK_CAPTURE_AUTORELEASING = YES;
				CLANG_WARN_BOOL_CONVERSION = YES;
				CLANG_WARN_COMMA = YES;
				CLANG_WARN_CONSTANT_CONVERSION = YES;
				CLANG_WARN_DEPRECATED_OBJC_IMPLEMENTATIONS = YES;
				CLANG_WARN_DIRECT_OBJC_ISA_USAGE = YES_ERROR;
				CLANG_WARN_DOCUMENTATION_COMMENTS = YES;
				CLANG_WARN_EMPTY_BODY = YES;
				CLANG_WARN_ENUM_CONVERSION = YES;
				CLANG_WARN_INFINITE_RECURSION = YES;
				CLANG_WARN_INT_CONVERSION = YES;
				CLANG_WARN_NON_LITERAL_NULL_CONVERSION = YES;
				CLANG_WARN_OBJC_IMPLICIT_RETAIN_SELF = YES;
				CLANG_WARN_OBJC_LITERAL_CONVERSION = YES;
				CLANG_WARN_OBJC_ROOT_CLASS = YES_ERROR;
				CLANG_WARN_RANGE_LOOP_ANALYSIS = YES;
				CLANG_WARN_STRICT_PROTOTYPES = YES;
				CLANG_WARN_SUSPICIOUS_MOVE = YES;
				CLANG_WARN_UNGUARDED_AVAILABILITY = YES_AGGRESSIVE;
				CLANG_WARN_UNREACHABLE_CODE = YES;
				CLANG_WARN__DUPLICATE_METHOD_MATCH = YES;
				CODE_SIGN_IDENTITY = "iPhone Developer";
				COPY_PHASE_STRIP = NO;
				DEBUG_INFORMATION_FORMAT = dwarf;
				ENABLE_STRICT_OBJC_MSGSEND = YES;
				ENABLE_TESTABILITY = YES;
				GCC_C_LANGUAGE_STANDARD = gnu11;
				GCC_DYNAMIC_NO_PIC = NO;
				GCC_NO_COMMON_BLOCKS = YES;
				GCC_OPTIMIZATION_LEVEL = 0;
				GCC_PREPROCESSOR_DEFINITIONS = (
					"DEBUG=1",
					"$(inherited)",
				);
				GCC_WARN_64_TO_32_BIT_CONVERSION = YES;
				GCC_WARN_ABOUT_RETURN_TYPE = YES_ERROR;
				GCC_WARN_UNDECLARED_SELECTOR = YES;
				GCC_WARN_UNINITIALIZED_AUTOS = YES_AGGRESSIVE;
				GCC_WARN_UNUSED_FUNCTION = YES;
				GCC_WARN_UNUSED_VARIABLE = YES;
				IPHONEOS_DEPLOYMENT_TARGET = 12.4;
				MTL_ENABLE_DEBUG_INFO = INCLUDE_SOURCE;
				MTL_FAST_MATH = YES;
				ONLY_ACTIVE_ARCH = YES;
				SDKROOT = iphoneos;
				SWIFT_ACTIVE_COMPILATION_CONDITIONS = DEBUG;
				SWIFT_OPTIMIZATION_LEVEL = "-Onone";
			};
			name = Debug;
		};
		05D431BD22F8F14600A58E36 /* Release */ = {
			isa = XCBuildConfiguration;
			buildSettings = {
				ALWAYS_SEARCH_USER_PATHS = NO;
				CLANG_ANALYZER_NONNULL = YES;
				CLANG_ANALYZER_NUMBER_OBJECT_CONVERSION = YES_AGGRESSIVE;
				CLANG_CXX_LANGUAGE_STANDARD = "gnu++14";
				CLANG_CXX_LIBRARY = "libc++";
				CLANG_ENABLE_MODULES = YES;
				CLANG_ENABLE_OBJC_ARC = YES;
				CLANG_ENABLE_OBJC_WEAK = YES;
				CLANG_WARN_BLOCK_CAPTURE_AUTORELEASING = YES;
				CLANG_WARN_BOOL_CONVERSION = YES;
				CLANG_WARN_COMMA = YES;
				CLANG_WARN_CONSTANT_CONVERSION = YES;
				CLANG_WARN_DEPRECATED_OBJC_IMPLEMENTATIONS = YES;
				CLANG_WARN_DIRECT_OBJC_ISA_USAGE = YES_ERROR;
				CLANG_WARN_DOCUMENTATION_COMMENTS = YES;
				CLANG_WARN_EMPTY_BODY = YES;
				CLANG_WARN_ENUM_CONVERSION = YES;
				CLANG_WARN_INFINITE_RECURSION = YES;
				CLANG_WARN_INT_CONVERSION = YES;
				CLANG_WARN_NON_LITERAL_NULL_CONVERSION = YES;
				CLANG_WARN_OBJC_IMPLICIT_RETAIN_SELF = YES;
				CLANG_WARN_OBJC_LITERAL_CONVERSION = YES;
				CLANG_WARN_OBJC_ROOT_CLASS = YES_ERROR;
				CLANG_WARN_RANGE_LOOP_ANALYSIS = YES;
				CLANG_WARN_STRICT_PROTOTYPES = YES;
				CLANG_WARN_SUSPICIOUS_MOVE = YES;
				CLANG_WARN_UNGUARDED_AVAILABILITY = YES_AGGRESSIVE;
				CLANG_WARN_UNREACHABLE_CODE = YES;
				CLANG_WARN__DUPLICATE_METHOD_MATCH = YES;
				CODE_SIGN_IDENTITY = "iPhone Developer";
				COPY_PHASE_STRIP = NO;
				DEBUG_INFORMATION_FORMAT = "dwarf-with-dsym";
				ENABLE_NS_ASSERTIONS = NO;
				ENABLE_STRICT_OBJC_MSGSEND = YES;
				GCC_C_LANGUAGE_STANDARD = gnu11;
				GCC_NO_COMMON_BLOCKS = YES;
				GCC_WARN_64_TO_32_BIT_CONVERSION = YES;
				GCC_WARN_ABOUT_RETURN_TYPE = YES_ERROR;
				GCC_WARN_UNDECLARED_SELECTOR = YES;
				GCC_WARN_UNINITIALIZED_AUTOS = YES_AGGRESSIVE;
				GCC_WARN_UNUSED_FUNCTION = YES;
				GCC_WARN_UNUSED_VARIABLE = YES;
				IPHONEOS_DEPLOYMENT_TARGET = 12.4;
				MTL_ENABLE_DEBUG_INFO = NO;
				MTL_FAST_MATH = YES;
				SDKROOT = iphoneos;
				SWIFT_COMPILATION_MODE = wholemodule;
				SWIFT_OPTIMIZATION_LEVEL = "-O";
				VALIDATE_PRODUCT = YES;
			};
			name = Release;
		};
		05D431BF22F8F14600A58E36 /* Debug */ = {
			isa = XCBuildConfiguration;
			baseConfigurationReference = C0986113C3FDBCF71B48FBB3 /* Pods-weatherTest.debug.xcconfig */;
			buildSettings = {
				ASSETCATALOG_COMPILER_APPICON_NAME = AppIcon;
				CODE_SIGN_STYLE = Automatic;
				DEVELOPMENT_TEAM = 6KBF4R49JC;
				INFOPLIST_FILE = "$(SRCROOT)/weatherTest/Core/Config/Info.plist";
				IPHONEOS_DEPLOYMENT_TARGET = 10.0;
				LD_RUNPATH_SEARCH_PATHS = (
					"$(inherited)",
					"@executable_path/Frameworks",
				);
				PRODUCT_BUNDLE_IDENTIFIER = com.ghassenF.weatherTest;
				PRODUCT_NAME = "$(TARGET_NAME)";
				SWIFT_VERSION = 5.0;
				TARGETED_DEVICE_FAMILY = "1,2";
			};
			name = Debug;
		};
		05D431C022F8F14600A58E36 /* Release */ = {
			isa = XCBuildConfiguration;
			baseConfigurationReference = D3A92A7341E03F5662F0F494 /* Pods-weatherTest.release.xcconfig */;
			buildSettings = {
				ASSETCATALOG_COMPILER_APPICON_NAME = AppIcon;
				CODE_SIGN_STYLE = Automatic;
				DEVELOPMENT_TEAM = 6KBF4R49JC;
				INFOPLIST_FILE = "$(SRCROOT)/weatherTest/Core/Config/Info.plist";
				IPHONEOS_DEPLOYMENT_TARGET = 10.0;
				LD_RUNPATH_SEARCH_PATHS = (
					"$(inherited)",
					"@executable_path/Frameworks",
				);
				PRODUCT_BUNDLE_IDENTIFIER = com.ghassenF.weatherTest;
				PRODUCT_NAME = "$(TARGET_NAME)";
				SWIFT_VERSION = 5.0;
				TARGETED_DEVICE_FAMILY = "1,2";
			};
			name = Release;
		};
		05D431C222F8F14600A58E36 /* Debug */ = {
			isa = XCBuildConfiguration;
			baseConfigurationReference = 91C3CC95F51EEDE6D8897EE2 /* Pods-weatherTestTests.debug.xcconfig */;
			buildSettings = {
				ALWAYS_EMBED_SWIFT_STANDARD_LIBRARIES = YES;
				BUNDLE_LOADER = "$(TEST_HOST)";
				CODE_SIGN_STYLE = Automatic;
				DEVELOPMENT_TEAM = 6KBF4R49JC;
				INFOPLIST_FILE = weatherTestTests/Info.plist;
				LD_RUNPATH_SEARCH_PATHS = (
					"$(inherited)",
					"@executable_path/Frameworks",
					"@loader_path/Frameworks",
				);
				PRODUCT_BUNDLE_IDENTIFIER = com.ghassenF.weatherTestTests;
				PRODUCT_NAME = "$(TARGET_NAME)";
				SWIFT_VERSION = 5.0;
				TARGETED_DEVICE_FAMILY = "1,2";
				TEST_HOST = "$(BUILT_PRODUCTS_DIR)/weatherTest.app/weatherTest";
			};
			name = Debug;
		};
		05D431C322F8F14600A58E36 /* Release */ = {
			isa = XCBuildConfiguration;
			baseConfigurationReference = 4E66A7B98996F7D04C65CE09 /* Pods-weatherTestTests.release.xcconfig */;
			buildSettings = {
				ALWAYS_EMBED_SWIFT_STANDARD_LIBRARIES = YES;
				BUNDLE_LOADER = "$(TEST_HOST)";
				CODE_SIGN_STYLE = Automatic;
				DEVELOPMENT_TEAM = 6KBF4R49JC;
				INFOPLIST_FILE = weatherTestTests/Info.plist;
				LD_RUNPATH_SEARCH_PATHS = (
					"$(inherited)",
					"@executable_path/Frameworks",
					"@loader_path/Frameworks",
				);
				PRODUCT_BUNDLE_IDENTIFIER = com.ghassenF.weatherTestTests;
				PRODUCT_NAME = "$(TARGET_NAME)";
				SWIFT_VERSION = 5.0;
				TARGETED_DEVICE_FAMILY = "1,2";
				TEST_HOST = "$(BUILT_PRODUCTS_DIR)/weatherTest.app/weatherTest";
			};
			name = Release;
		};
/* End XCBuildConfiguration section */

/* Begin XCConfigurationList section */
		05D4319C22F8F14300A58E36 /* Build configuration list for PBXProject "weatherTest" */ = {
			isa = XCConfigurationList;
			buildConfigurations = (
				05D431BC22F8F14600A58E36 /* Debug */,
				05D431BD22F8F14600A58E36 /* Release */,
			);
			defaultConfigurationIsVisible = 0;
			defaultConfigurationName = Release;
		};
		05D431BE22F8F14600A58E36 /* Build configuration list for PBXNativeTarget "weatherTest" */ = {
			isa = XCConfigurationList;
			buildConfigurations = (
				05D431BF22F8F14600A58E36 /* Debug */,
				05D431C022F8F14600A58E36 /* Release */,
			);
			defaultConfigurationIsVisible = 0;
			defaultConfigurationName = Release;
		};
		05D431C122F8F14600A58E36 /* Build configuration list for PBXNativeTarget "weatherTestTests" */ = {
			isa = XCConfigurationList;
			buildConfigurations = (
				05D431C222F8F14600A58E36 /* Debug */,
				05D431C322F8F14600A58E36 /* Release */,
			);
			defaultConfigurationIsVisible = 0;
			defaultConfigurationName = Release;
		};
/* End XCConfigurationList section */
	};
	rootObject = 05D4319922F8F14300A58E36 /* Project object */;
}
